{
  "name": "lottie-readable",
  "version": "1.0.0",
  "lockfileVersion": 1,
  "requires": true,
  "dependencies": {
    "lottie-web": {
      "version": "5.5.10",
      "resolved": "https://registry.npmjs.org/lottie-web/-/lottie-web-5.5.10.tgz",
      "integrity": "sha512-8U/WSNKx4y3JdGq1lZh8Phuz/pQsiM6BGQ/rNFjLPGJSaKQ92VTVN7NAOHUsvV0bywsC+ShBWSVUhbuP3NV2tg=="
    }
  }
}
